
Microsoft Visual Studio Solution File, Format Version 12.00
# Visual Studio Version 17
VisualStudioVersion = 17.9.34701.34
MinimumVisualStudioVersion = 10.0.40219.1
Project("{FAE04EC0-301F-11D3-BF4B-00C04F79EFBC}") = "Soma_notas_trabalho", "Soma_notas_trabalho\Soma_notas_trabalho.csproj", "{51947DF2-FCAE-4879-A8FB-FAAC4889F37D}"
EndProject
Global
	GlobalSection(SolutionConfigurationPlatforms) = preSolution
		Debug|Any CPU = Debug|Any CPU
		Release|Any CPU = Release|Any CPU
	EndGlobalSection
	GlobalSection(ProjectConfigurationPlatforms) = postSolution
		{51947DF2-FCAE-4879-A8FB-FAAC4889F37D}.Debug|Any CPU.ActiveCfg = Debug|Any CPU
		{51947DF2-FCAE-4879-A8FB-FAAC4889F37D}.Debug|Any CPU.Build.0 = Debug|Any CPU
		{51947DF2-FCAE-4879-A8FB-FAAC4889F37D}.Release|Any CPU.ActiveCfg = Release|Any CPU
		{51947DF2-FCAE-4879-A8FB-FAAC4889F37D}.Release|Any CPU.Build.0 = Release|Any CPU
	EndGlobalSection
	GlobalSection(SolutionProperties) = preSolution
		HideSolutionNode = FALSE
	EndGlobalSection
	GlobalSection(ExtensibilityGlobals) = postSolution
		SolutionGuid = {A0D3FC9B-DF05-436D-9842-79B3CA3BC71B}
	EndGlobalSection
EndGlobal
